github.com/carlmjohnson/versioninfo v0.22.5 h1:O00sjOLUAFxYQjlN/bzYTuZiS0y6fWDQjMRvwtKgwwc=
github.com/carlmjohnson/versioninfo v0.22.5/go.mod h1:QT9mph3wcVfISUKd0i9sZfVrPviHuSF+cUtLjm2WSf8=
github.com/frieser/nordigen-go-lib/v2 v2.1.6 h1:DFj7wmqDIfUS9u5y+uO7elYj8OjUfH4cWx3qf4kGl/I=
github.com/frieser/nordigen-go-lib/v2 v2.1.6/go.mod h1:NejYisqD8GvynCN0vDGw7J66slnj7jB25c8tS1tr8bw=
github.com/kelseyhightower/envconfig v1.4.0 h1:Im6hONhd3pLkfDFsbRgu68RDNkGF1r3dvMUtDTo2cv8=
github.com/kelseyhightower/envconfig v1.4.0/go.mod h1:cccZRl6mQpaq41TPp5QxidR+Sa3axMbJDNb//FQX6Gg=
