github.com/google/uuid v1.3.0 h1:t6JiXgmwXMjEs8VusXIJk2BXHsn+wx8BZdTaoZ5fu7I=
github.com/google/uuid v1.3.0/go.mod h1:TIyPZe4MgqvfeYDBFedMoGGpEw/LqOeaOT+nhxU+yHo=
github.com/martinohansen/nordigen-go-lib/v2 v2.0.0-20221005105930-28647b2a58c9 h1:EofNcovHvFORhvJDh4ZWHIiuVvtGy/dZEpf8THO7MW0=
github.com/martinohansen/nordigen-go-lib/v2 v2.0.0-20221005105930-28647b2a58c9/go.mod h1:NejYisqD8GvynCN0vDGw7J66slnj7jB25c8tS1tr8bw=
